// !$*UTF8*$!
{
	archiveVersion = 1;
	classes = {
	};
	objectVersion = 46;
	objects = {

/* Begin PBXBuildFile section */
		ED6674391CF7B0000008E788 /* AppDelegate.swift in Sources */ = {isa = PBXBuildFile; fileRef = ED6674381CF7B0000008E788 /* AppDelegate.swift */; };
		ED66743B1CF7B0000008E788 /* ViewController.swift in Sources */ = {isa = PBXBuildFile; fileRef = ED66743A1CF7B0000008E788 /* ViewController.swift */; };
		ED66743E1CF7B0000008E788 /* Main.storyboard in Resources */ = {isa = PBXBuildFile; fileRef = ED66743C1CF7B0000008E788 /* Main.storyboard */; };
		ED6674401CF7B0000008E788 /* Assets.xcassets in Resources */ = {isa = PBXBuildFile; fileRef = ED66743F1CF7B0000008E788 /* Assets.xcassets */; };
		ED6674431CF7B0000008E788 /* LaunchScreen.storyboard in Resources */ = {isa = PBXBuildFile; fileRef = ED6674411CF7B0000008E788 /* LaunchScreen.storyboard */; };
		ED66744E1CF7B0000008E788 /* first_appTests.swift in Sources */ = {isa = PBXBuildFile; fileRef = ED66744D1CF7B0000008E788 /* first_appTests.swift */; };
		ED6674591CF7B0000008E788 /* first_appUITests.swift in Sources */ = {isa = PBXBuildFile; fileRef = ED6674581CF7B0000008E788 /* first_appUITests.swift */; };
/* End PBXBuildFile section */

/* Begin PBXContainerItemProxy section */
		ED66744A1CF7B0000008E788 /* PBXContainerItemProxy */ = {
			isa = PBXContainerItemProxy;
			containerPortal = ED66742D1CF7B0000008E788 /* Project object */;
			proxyType = 1;
			remoteGlobalIDString = ED6674341CF7B0000008E788;
			remoteInfo = first_app;
		};
		ED6674551CF7B0000008E788 /* PBXContainerItemProxy */ = {
			isa = PBXContainerItemProxy;
			containerPortal = ED66742D1CF7B0000008E788 /* Project object */;
			proxyType = 1;
			remoteGlobalIDString = ED6674341CF7B0000008E788;
			remoteInfo = first_app;
		};
/* End PBXContainerItemProxy section */

/* Begin PBXFileReference section */
		ED6674351CF7B0000008E788 /* first_app.app */ = {isa = PBXFileReference; explicitFileType = wrapper.application; includeInIndex = 0; path = first_app.app; sourceTree = BUILT_PRODUCTS_DIR; };
		ED6674381CF7B0000008E788 /* AppDelegate.swift */ = {isa = PBXFileReference; lastKnownFileType = sourcecode.swift; path = AppDelegate.swift; sourceTree = "<group>"; };
		ED66743A1CF7B0000008E788 /* ViewController.swift */ = {isa = PBXFileReference; lastKnownFileType = sourcecode.swift; path = ViewController.swift; sourceTree = "<group>"; };
		ED66743D1CF7B0000008E788 /* Base */ = {isa = PBXFileReference; lastKnownFileType = file.storyboard; name = Base; path = Base.lproj/Main.storyboard; sourceTree = "<group>"; };
		ED66743F1CF7B0000008E788 /* Assets.xcassets */ = {isa = PBXFileReference; lastKnownFileType = folder.assetcatalog; path = Assets.xcassets; sourceTree = "<group>"; };
		ED6674421CF7B0000008E788 /* Base */ = {isa = PBXFileReference; lastKnownFileType = file.storyboard; name = Base; path = Base.lproj/LaunchScreen.storyboard; sourceTree = "<group>"; };
		ED6674441CF7B0000008E788 /* Info.plist */ = {isa = PBXFileReference; lastKnownFileType = text.plist.xml; path = Info.plist; sourceTree = "<group>"; };
		ED6674491CF7B0000008E788 /* first_appTests.xctest */ = {isa = PBXFileReference; explicitFileType = wrapper.cfbundle; includeInIndex = 0; path = first_appTests.xctest; sourceTree = BUILT_PRODUCTS_DIR; };
		ED66744D1CF7B0000008E788 /* first_appTests.swift */ = {isa = PBXFileReference; lastKnownFileType = sourcecode.swift; path = first_appTests.swift; sourceTree = "<group>"; };
		ED66744F1CF7B0000008E788 /* Info.plist */ = {isa = PBXFileReference; lastKnownFileType = text.plist.xml; path = Info.plist; sourceTree = "<group>"; };
		ED6674541CF7B0000008E788 /* first_appUITests.xctest */ = {isa = PBXFileReference; explicitFileType = wrapper.cfbundle; includeInIndex = 0; path = first_appUITests.xctest; sourceTree = BUILT_PRODUCTS_DIR; };
		ED6674581CF7B0000008E788 /* first_appUITests.swift */ = {isa = PBXFileReference; lastKnownFileType = sourcecode.swift; path = first_appUITests.swift; sourceTree = "<group>"; };
		ED66745A1CF7B0000008E788 /* Info.plist */ = {isa = PBXFileReference; lastKnownFileType = text.plist.xml; path = Info.plist; sourceTree = "<group>"; };
/* End PBXFileReference section */

/* Begin PBXFrameworksBuildPhase section */
		ED6674321CF7B0000008E788 /* Frameworks */ = {
			isa = PBXFrameworksBuildPhase;
			buildActionMask = 2147483647;
			files = (
			);
			runOnlyForDeploymentPostprocessing = 0;
		};
		ED6674461CF7B0000008E788 /* Frameworks */ = {
			isa = PBXFrameworksBuildPhase;
			buildActionMask = 2147483647;
			files = (
			);
			runOnlyForDeploymentPostprocessing = 0;
		};
		ED6674511CF7B0000008E788 /* Frameworks */ = {
			isa = PBXFrameworksBuildPhase;
			buildActionMask = 2147483647;
			files = (
			);
			runOnlyForDeploymentPostprocessing = 0;
		};
/* End PBXFrameworksBuildPhase section */

/* Begin PBXGroup section */
		ED66742C1CF7B0000008E788 = {
			isa = PBXGroup;
			children = (
				ED6674371CF7B0000008E788 /* first_app */,
				ED66744C1CF7B0000008E788 /* first_appTests */,
				ED6674571CF7B0000008E788 /* first_appUITests */,
				ED6674361CF7B0000008E788 /* Products */,
			);
			sourceTree = "<group>";
		};
		ED6674361CF7B0000008E788 /* Products */ = {
			isa = PBXGroup;
			children = (
				ED6674351CF7B0000008E788 /* first_app.app */,
				ED6674491CF7B0000008E788 /* first_appTests.xctest */,
				ED6674541CF7B0000008E788 /* first_appUITests.xctest */,
			);
			name = Products;
			sourceTree = "<group>";
		};
		ED6674371CF7B0000008E788 /* first_app */ = {
			isa = PBXGroup;
			children = (
				ED6674381CF7B0000008E788 /* AppDelegate.swift */,
				ED66743A1CF7B0000008E788 /* ViewController.swift */,
				ED66743C1CF7B0000008E788 /* Main.storyboard */,
				ED66743F1CF7B0000008E788 /* Assets.xcassets */,
				ED6674411CF7B0000008E788 /* LaunchScreen.storyboard */,
				ED6674441CF7B0000008E788 /* Info.plist */,
			);
			path = first_app;
			sourceTree = "<group>";
		};
		ED66744C1CF7B0000008E788 /* first_appTests */ = {
			isa = PBXGroup;
			children = (
				ED66744D1CF7B0000008E788 /* first_appTests.swift */,
				ED66744F1CF7B0000008E788 /* Info.plist */,
			);
			path = first_appTests;
			sourceTree = "<group>";
		};
		ED6674571CF7B0000008E788 /* first_appUITests */ = {
			isa = PBXGroup;
			children = (
				ED6674581CF7B0000008E788 /* first_appUITests.swift */,
				ED66745A1CF7B0000008E788 /* Info.plist */,
			);
			path = first_appUITests;
			sourceTree = "<group>";
		};
/* End PBXGroup section */

/* Begin PBXNativeTarget section */
		ED6674341CF7B0000008E788 /* first_app */ = {
			isa = PBXNativeTarget;
			buildConfigurationList = ED66745D1CF7B0000008E788 /* Build configuration list for PBXNativeTarget "first_app" */;
			buildPhases = (
				ED6674311CF7B0000008E788 /* Sources */,
				ED6674321CF7B0000008E788 /* Frameworks */,
				ED6674331CF7B0000008E788 /* Resources */,
			);
			buildRules = (
			);
			dependencies = (
			);
			name = first_app;
			productName = first_app;
			productReference = ED6674351CF7B0000008E788 /* first_app.app */;
			productType = "com.apple.product-type.application";
		};
		ED6674481CF7B0000008E788 /* first_appTests */ = {
			isa = PBXNativeTarget;
			buildConfigurationList = ED6674601CF7B0000008E788 /* Build configuration list for PBXNativeTarget "first_appTests" */;
			buildPhases = (
				ED6674451CF7B0000008E788 /* Sources */,
				ED6674461CF7B0000008E788 /* Frameworks */,
				ED6674471CF7B0000008E788 /* Resources */,
			);
			buildRules = (
			);
			dependencies = (
				ED66744B1CF7B0000008E788 /* PBXTargetDependency */,
			);
			name = first_appTests;
			productName = first_appTests;
			productReference = ED6674491CF7B0000008E788 /* first_appTests.xctest */;
			productType = "com.apple.product-type.bundle.unit-test";
		};
		ED6674531CF7B0000008E788 /* first_appUITests */ = {
			isa = PBXNativeTarget;
			buildConfigurationList = ED6674631CF7B0000008E788 /* Build configuration list for PBXNativeTarget "first_appUITests" */;
			buildPhases = (
				ED6674501CF7B0000008E788 /* Sources */,
				ED6674511CF7B0000008E788 /* Frameworks */,
				ED6674521CF7B0000008E788 /* Resources */,
			);
			buildRules = (
			);
			dependencies = (
				ED6674561CF7B0000008E788 /* PBXTargetDependency */,
			);
			name = first_appUITests;
			productName = first_appUITests;
			productReference = ED6674541CF7B0000008E788 /* first_appUITests.xctest */;
			productType = "com.apple.product-type.bundle.ui-testing";
		};
/* End PBXNativeTarget section */

/* Begin PBXProject section */
		ED66742D1CF7B0000008E788 /* Project object */ = {
			isa = PBXProject;
			attributes = {
				LastSwiftUpdateCheck = 0730;
				LastUpgradeCheck = 0730;
				ORGANIZATIONNAME = "Jacek Baczkowski";
				TargetAttributes = {
					ED6674341CF7B0000008E788 = {
						CreatedOnToolsVersion = 7.3.1;
					};
					ED6674481CF7B0000008E788 = {
						CreatedOnToolsVersion = 7.3.1;
						TestTargetID = ED6674341CF7B0000008E788;
					};
					ED6674531CF7B0000008E788 = {
						CreatedOnToolsVersion = 7.3.1;
						TestTargetID = ED6674341CF7B0000008E788;
					};
				};
			};
			buildConfigurationList = ED6674301CF7B0000008E788 /* Build configuration list for PBXProject "first_app" */;
			compatibilityVersion = "Xcode 3.2";
			developmentRegion = English;
			hasScannedForEncodings = 0;
			knownRegions = (
				en,
				Base,
			);
			mainGroup = ED66742C1CF7B0000008E788;
			productRefGroup = ED6674361CF7B0000008E788 /* Products */;
			projectDirPath = "";
			projectRoot = "";
			targets = (
				ED6674341CF7B0000008E788 /* first_app */,
				ED6674481CF7B0000008E788 /* first_appTests */,
				ED6674531CF7B0000008E788 /* first_appUITests */,
			);
		};
/* End PBXProject section */

/* Begin PBXResourcesBuildPhase section */
		ED6674331CF7B0000008E788 /* Resources */ = {
			isa = PBXResourcesBuildPhase;
			buildActionMask = 2147483647;
			files = (
				ED6674431CF7B0000008E788 /* LaunchScreen.storyboard in Resources */,
				ED6674401CF7B0000008E788 /* Assets.xcassets in Resources */,
				ED66743E1CF7B0000008E788 /* Main.storyboard in Resources */,
			);
			runOnlyForDeploymentPostprocessing = 0;
		};
		ED6674471CF7B0000008E788 /* Resources */ = {
			isa = PBXResourcesBuildPhase;
			buildActionMask = 2147483647;
			files = (
			);
			runOnlyForDeploymentPostprocessing = 0;
		};
		ED6674521CF7B0000008E788 /* Resources */ = {
			isa = PBXResourcesBuildPhase;
			buildActionMask = 2147483647;
			files = (
			);
			runOnlyForDeploymentPostprocessing = 0;
		};
/* End PBXResourcesBuildPhase section */

/* Begin PBXSourcesBuildPhase section */
		ED6674311CF7B0000008E788 /* Sources */ = {
			isa = PBXSourcesBuildPhase;
			buildActionMask = 2147483647;
			files = (
				ED66743B1CF7B0000008E788 /* ViewController.swift in Sources */,
				ED6674391CF7B0000008E788 /* AppDelegate.swift in Sources */,
			);
			runOnlyForDeploymentPostprocessing = 0;
		};
		ED6674451CF7B0000008E788 /* Sources */ = {
			isa = PBXSourcesBuildPhase;
			buildActionMask = 2147483647;
			files = (
				ED66744E1CF7B0000008E788 /* first_appTests.swift in Sources */,
			);
			runOnlyForDeploymentPostprocessing = 0;
		};
		ED6674501CF7B0000008E788 /* Sources */ = {
			isa = PBXSourcesBuildPhase;
			buildActionMask = 2147483647;
			files = (
				ED6674591CF7B0000008E788 /* first_appUITests.swift in Sources */,
			);
			runOnlyForDeploymentPostprocessing = 0;
		};
/* End PBXSourcesBuildPhase section */

/* Begin PBXTargetDependency section */
		ED66744B1CF7B0000008E788 /* PBXTargetDependency */ = {
			isa = PBXTargetDependency;
			target = ED6674341CF7B0000008E788 /* first_app */;
			targetProxy = ED66744A1CF7B0000008E788 /* PBXContainerItemProxy */;
		};
		ED6674561CF7B0000008E788 /* PBXTargetDependency */ = {
			isa = PBXTargetDependency;
			target = ED6674341CF7B0000008E788 /* first_app */;
			targetProxy = ED6674551CF7B0000008E788 /* PBXContainerItemProxy */;
		};
/* End PBXTargetDependency section */

/* Begin PBXVariantGroup section */
		ED66743C1CF7B0000008E788 /* Main.storyboard */ = {
			isa = PBXVariantGroup;
			children = (
				ED66743D1CF7B0000008E788 /* Base */,
			);
			name = Main.storyboard;
			sourceTree = "<group>";
		};
		ED6674411CF7B0000008E788 /* LaunchScreen.storyboard */ = {
			isa = PBXVariantGroup;
			children = (
				ED6674421CF7B0000008E788 /* Base */,
			);
			name = LaunchScreen.storyboard;
			sourceTree = "<group>";
		};
/* End PBXVariantGroup section */

/* Begin XCBuildConfiguration section */
		ED66745B1CF7B0000008E788 /* Debug */ = {
			isa = XCBuildConfiguration;
			buildSettings = {
				ALWAYS_SEARCH_USER_PATHS = NO;
				CLANG_ANALYZER_NONNULL = YES;
				CLANG_CXX_LANGUAGE_STANDARD = "gnu++0x";
				CLANG_CXX_LIBRARY = "libc++";
				CLANG_ENABLE_MODULES = YES;
				CLANG_ENABLE_OBJC_ARC = YES;
				CLANG_WARN_BOOL_CONVERSION = YES;
				CLANG_WARN_CONSTANT_CONVERSION = YES;
				CLANG_WARN_DIRECT_OBJC_ISA_USAGE = YES_ERROR;
				CLANG_WARN_EMPTY_BODY = YES;
				CLANG_WARN_ENUM_CONVERSION = YES;
				CLANG_WARN_INT_CONVERSION = YES;
				CLANG_WARN_OBJC_ROOT_CLASS = YES_ERROR;
				CLANG_WARN_UNREACHABLE_CODE = YES;
				CLANG_WARN__DUPLICATE_METHOD_MATCH = YES;
				"CODE_SIGN_IDENTITY[sdk=iphoneos*]" = "iPhone Developer";
				COPY_PHASE_STRIP = NO;
				DEBUG_INFORMATION_FORMAT = dwarf;
				ENABLE_STRICT_OBJC_MSGSEND = YES;
				ENABLE_TESTABILITY = YES;
				GCC_C_LANGUAGE_STANDARD = gnu99;
				GCC_DYNAMIC_NO_PIC = NO;
				GCC_NO_COMMON_BLOCKS = YES;
				GCC_OPTIMIZATION_LEVEL = 0;
				GCC_PREPROCESSOR_DEFINITIONS = (
					"DEBUG=1",
					"$(inherited)",
				);
				GCC_WARN_64_TO_32_BIT_CONVERSION = YES;
				GCC_WARN_ABOUT_RETURN_TYPE = YES_ERROR;
				GCC_WARN_UNDECLARED_SELECTOR = YES;
				GCC_WARN_UNINITIALIZED_AUTOS = YES_AGGRESSIVE;
				GCC_WARN_UNUSED_FUNCTION = YES;
				GCC_WARN_UNUSED_VARIABLE = YES;
				IPHONEOS_DEPLOYMENT_TARGET = 9.3;
				MTL_ENABLE_DEBUG_INFO = YES;
				ONLY_ACTIVE_ARCH = YES;
				SDKROOT = iphoneos;
				SWIFT_OPTIMIZATION_LEVEL = "-Onone";
			};
			name = Debug;
		};
		ED66745C1CF7B0000008E788 /* Release */ = {
			isa = XCBuildConfiguration;
			buildSettings = {
				ALWAYS_SEARCH_USER_PATHS = NO;
				CLANG_ANALYZER_NONNULL = YES;
				CLANG_CXX_LANGUAGE_STANDARD = "gnu++0x";
				CLANG_CXX_LIBRARY = "libc++";
				CLANG_ENABLE_MODULES = YES;
				CLANG_ENABLE_OBJC_ARC = YES;
				CLANG_WARN_BOOL_CONVERSION = YES;
				CLANG_WARN_CONSTANT_CONVERSION = YES;
				CLANG_WARN_DIRECT_OBJC_ISA_USAGE = YES_ERROR;
				CLANG_WARN_EMPTY_BODY = YES;
				CLANG_WARN_ENUM_CONVERSION = YES;
				CLANG_WARN_INT_CONVERSION = YES;
				CLANG_WARN_OBJC_ROOT_CLASS = YES_ERROR;
				CLANG_WARN_UNREACHABLE_CODE = YES;
				CLANG_WARN__DUPLICATE_METHOD_MATCH = YES;
				"CODE_SIGN_IDENTITY[sdk=iphoneos*]" = "iPhone Developer";
				COPY_PHASE_STRIP = NO;
				DEBUG_INFORMATION_FORMAT = "dwarf-with-dsym";
				ENABLE_NS_ASSERTIONS = NO;
				ENABLE_STRICT_OBJC_MSGSEND = YES;
				GCC_C_LANGUAGE_STANDARD = gnu99;
				GCC_NO_COMMON_BLOCKS = YES;
				GCC_WARN_64_TO_32_BIT_CONVERSION = YES;
				GCC_WARN_ABOUT_RETURN_TYPE = YES_ERROR;
				GCC_WARN_UNDECLARED_SELECTOR = YES;
				GCC_WARN_UNINITIALIZED_AUTOS = YES_AGGRESSIVE;
				GCC_WARN_UNUSED_FUNCTION = YES;
				GCC_WARN_UNUSED_VARIABLE = YES;
				IPHONEOS_DEPLOYMENT_TARGET = 9.3;
				MTL_ENABLE_DEBUG_INFO = NO;
				SDKROOT = iphoneos;
				VALIDATE_PRODUCT = YES;
			};
			name = Release;
		};
		ED66745E1CF7B0000008E788 /* Debug */ = {
			isa = XCBuildConfiguration;
			buildSettings = {
				ASSETCATALOG_COMPILER_APPICON_NAME = AppIcon;
				INFOPLIST_FILE = first_app/Info.plist;
				LD_RUNPATH_SEARCH_PATHS = "$(inherited) @executable_path/Frameworks";
				PRODUCT_BUNDLE_IDENTIFIER = "JB.first-app";
				PRODUCT_NAME = "$(TARGET_NAME)";
			};
			name = Debug;
		};
		ED66745F1CF7B0000008E788 /* Release */ = {
			isa = XCBuildConfiguration;
			buildSettings = {
				ASSETCATALOG_COMPILER_APPICON_NAME = AppIcon;
				INFOPLIST_FILE = first_app/Info.plist;
				LD_RUNPATH_SEARCH_PATHS = "$(inherited) @executable_path/Frameworks";
				PRODUCT_BUNDLE_IDENTIFIER = "JB.first-app";
				PRODUCT_NAME = "$(TARGET_NAME)";
			};
			name = Release;
		};
		ED6674611CF7B0000008E788 /* Debug */ = {
			isa = XCBuildConfiguration;
			buildSettings = {
				BUNDLE_LOADER = "$(TEST_HOST)";
				INFOPLIST_FILE = first_appTests/Info.plist;
				LD_RUNPATH_SEARCH_PATHS = "$(inherited) @executable_path/Frameworks @loader_path/Frameworks";
				PRODUCT_BUNDLE_IDENTIFIER = "JB.first-appTests";
				PRODUCT_NAME = "$(TARGET_NAME)";
				TEST_HOST = "$(BUILT_PRODUCTS_DIR)/first_app.app/first_app";
			};
			name = Debug;
		};
		ED6674621CF7B0000008E788 /* Release */ = {
			isa = XCBuildConfiguration;
			buildSettings = {
				BUNDLE_LOADER = "$(TEST_HOST)";
				INFOPLIST_FILE = first_appTests/Info.plist;
				LD_RUNPATH_SEARCH_PATHS = "$(inherited) @executable_path/Frameworks @loader_path/Frameworks";
				PRODUCT_BUNDLE_IDENTIFIER = "JB.first-appTests";
				PRODUCT_NAME = "$(TARGET_NAME)";
				TEST_HOST = "$(BUILT_PRODUCTS_DIR)/first_app.app/first_app";
			};
			name = Release;
		};
		ED6674641CF7B0000008E788 /* Debug */ = {
			isa = XCBuildConfiguration;
			buildSettings = {
				INFOPLIST_FILE = first_appUITests/Info.plist;
				LD_RUNPATH_SEARCH_PATHS = "$(inherited) @executable_path/Frameworks @loader_path/Frameworks";
				PRODUCT_BUNDLE_IDENTIFIER = "JB.first-appUITests";
				PRODUCT_NAME = "$(TARGET_NAME)";
				TEST_TARGET_NAME = first_app;
			};
			name = Debug;
		};
		ED6674651CF7B0000008E788 /* Release */ = {
			isa = XCBuildConfiguration;
			buildSettings = {
				INFOPLIST_FILE = first_appUITests/Info.plist;
				LD_RUNPATH_SEARCH_PATHS = "$(inherited) @executable_path/Frameworks @loader_path/Frameworks";
				PRODUCT_BUNDLE_IDENTIFIER = "JB.first-appUITests";
				PRODUCT_NAME = "$(TARGET_NAME)";
				TEST_TARGET_NAME = first_app;
			};
			name = Release;
		};
/* End XCBuildConfiguration section */

/* Begin XCConfigurationList section */
		ED6674301CF7B0000008E788 /* Build configuration list for PBXProject "first_app" */ = {
			isa = XCConfigurationList;
			buildConfigurations = (
				ED66745B1CF7B0000008E788 /* Debug */,
				ED66745C1CF7B0000008E788 /* Release */,
			);
			defaultConfigurationIsVisible = 0;
			defaultConfigurationName = Release;
		};
		ED66745D1CF7B0000008E788 /* Build configuration list for PBXNativeTarget "first_app" */ = {
			isa = XCConfigurationList;
			buildConfigurations = (
				ED66745E1CF7B0000008E788 /* Debug */,
				ED66745F1CF7B0000008E788 /* Release */,
			);
			defaultConfigurationIsVisible = 0;
		};
		ED6674601CF7B0000008E788 /* Build configuration list for PBXNativeTarget "first_appTests" */ = {
			isa = XCConfigurationList;
			buildConfigurations = (
				ED6674611CF7B0000008E788 /* Debug */,
				ED6674621CF7B0000008E788 /* Release */,
			);
			defaultConfigurationIsVisible = 0;
		};
		ED6674631CF7B0000008E788 /* Build configuration list for PBXNativeTarget "first_appUITests" */ = {
			isa = XCConfigurationList;
			buildConfigurations = (
				ED6674641CF7B0000008E788 /* Debug */,
				ED6674651CF7B0000008E788 /* Release */,
			);
			defaultConfigurationIsVisible = 0;
		};
/* End XCConfigurationList section */
	};
	rootObject = ED66742D1CF7B0000008E788 /* Project object */;
}
